
Microsoft Visual Studio Solution File, Format Version 12.00
# Visual Studio 14
VisualStudioVersion = 14.0.25420.1
MinimumVisualStudioVersion = 10.0.40219.1
Project("{D954291E-2A0B-460D-934E-DC6B0785DB48}") = "SORBETE", "SORBETE\SORBETE\SORBETE.shproj", "{9A448D31-0BB2-43B6-A197-3FA78BAE29E2}"
EndProject
Project("{FAE04EC0-301F-11D3-BF4B-00C04F79EFBC}") = "SORBETE.Android", "SORBETE\SORBETE.Android\SORBETE.Android.csproj", "{6B8DDEA3-E446-4FC1-A86E-C8E66D600AB9}"
EndProject
Project("{FAE04EC0-301F-11D3-BF4B-00C04F79EFBC}") = "SORBETE.iOS", "SORBETE\SORBETE.iOS\SORBETE.iOS.csproj", "{41C4652E-0975-4DA0-AB49-583D18C0AFC9}"
EndProject
Global
	GlobalSection(SharedMSBuildProjectFiles) = preSolution
		SORBETE\SORBETE\SORBETE.projitems*{41c4652e-0975-4da0-ab49-583d18c0afc9}*SharedItemsImports = 4
		SORBETE\SORBETE\SORBETE.projitems*{6b8ddea3-e446-4fc1-a86e-c8e66d600ab9}*SharedItemsImports = 4
		SORBETE\SORBETE\SORBETE.projitems*{9a448d31-0bb2-43b6-a197-3fa78bae29e2}*SharedItemsImports = 13
	EndGlobalSection
	GlobalSection(SolutionConfigurationPlatforms) = preSolution
		Ad-Hoc|Any CPU = Ad-Hoc|Any CPU
		Ad-Hoc|iPhone = Ad-Hoc|iPhone
		Ad-Hoc|iPhoneSimulator = Ad-Hoc|iPhoneSimulator
		AppStore|Any CPU = AppStore|Any CPU
		AppStore|iPhone = AppStore|iPhone
		AppStore|iPhoneSimulator = AppStore|iPhoneSimulator
		Debug|Any CPU = Debug|Any CPU
		Debug|iPhone = Debug|iPhone
		Debug|iPhoneSimulator = Debug|iPhoneSimulator
		Release|Any CPU = Release|Any CPU
		Release|iPhone = Release|iPhone
		Release|iPhoneSimulator = Release|iPhoneSimulator
	EndGlobalSection
	GlobalSection(ProjectConfigurationPlatforms) = postSolution
		{6B8DDEA3-E446-4FC1-A86E-C8E66D600AB9}.Ad-Hoc|Any CPU.ActiveCfg = Release|Any CPU
		{6B8DDEA3-E446-4FC1-A86E-C8E66D600AB9}.Ad-Hoc|Any CPU.Build.0 = Release|Any CPU
		{6B8DDEA3-E446-4FC1-A86E-C8E66D600AB9}.Ad-Hoc|Any CPU.Deploy.0 = Release|Any CPU
		{6B8DDEA3-E446-4FC1-A86E-C8E66D600AB9}.Ad-Hoc|iPhone.ActiveCfg = Release|Any CPU
		{6B8DDEA3-E446-4FC1-A86E-C8E66D600AB9}.Ad-Hoc|iPhone.Build.0 = Release|Any CPU
		{6B8DDEA3-E446-4FC1-A86E-C8E66D600AB9}.Ad-Hoc|iPhone.Deploy.0 = Release|Any CPU
		{6B8DDEA3-E446-4FC1-A86E-C8E66D600AB9}.Ad-Hoc|iPhoneSimulator.ActiveCfg = Release|Any CPU
		{6B8DDEA3-E446-4FC1-A86E-C8E66D600AB9}.Ad-Hoc|iPhoneSimulator.Build.0 = Release|Any CPU
		{6B8DDEA3-E446-4FC1-A86E-C8E66D600AB9}.Ad-Hoc|iPhoneSimulator.Deploy.0 = Release|Any CPU
		{6B8DDEA3-E446-4FC1-A86E-C8E66D600AB9}.AppStore|Any CPU.ActiveCfg = Release|Any CPU
		{6B8DDEA3-E446-4FC1-A86E-C8E66D600AB9}.AppStore|Any CPU.Build.0 = Release|Any CPU
		{6B8DDEA3-E446-4FC1-A86E-C8E66D600AB9}.AppStore|Any CPU.Deploy.0 = Release|Any CPU
		{6B8DDEA3-E446-4FC1-A86E-C8E66D600AB9}.AppStore|iPhone.ActiveCfg = Release|Any CPU
		{6B8DDEA3-E446-4FC1-A86E-C8E66D600AB9}.AppStore|iPhone.Build.0 = Release|Any CPU
		{6B8DDEA3-E446-4FC1-A86E-C8E66D600AB9}.AppStore|iPhone.Deploy.0 = Release|Any CPU
		{6B8DDEA3-E446-4FC1-A86E-C8E66D600AB9}.AppStore|iPhoneSimulator.ActiveCfg = Release|Any CPU
		{6B8DDEA3-E446-4FC1-A86E-C8E66D600AB9}.AppStore|iPhoneSimulator.Build.0 = Release|Any CPU
		{6B8DDEA3-E446-4FC1-A86E-C8E66D600AB9}.AppStore|iPhoneSimulator.Deploy.0 = Release|Any CPU
		{6B8DDEA3-E446-4FC1-A86E-C8E66D600AB9}.Debug|Any CPU.ActiveCfg = Debug|Any CPU
		{6B8DDEA3-E446-4FC1-A86E-C8E66D600AB9}.Debug|Any CPU.Build.0 = Debug|Any CPU
		{6B8DDEA3-E446-4FC1-A86E-C8E66D600AB9}.Debug|Any CPU.Deploy.0 = Debug|Any CPU
		{6B8DDEA3-E446-4FC1-A86E-C8E66D600AB9}.Debug|iPhone.ActiveCfg = Debug|Any CPU
		{6B8DDEA3-E446-4FC1-A86E-C8E66D600AB9}.Debug|iPhone.Build.0 = Debug|Any CPU
		{6B8DDEA3-E446-4FC1-A86E-C8E66D600AB9}.Debug|iPhone.Deploy.0 = Debug|Any CPU
		{6B8DDEA3-E446-4FC1-A86E-C8E66D600AB9}.Debug|iPhoneSimulator.ActiveCfg = Debug|Any CPU
		{6B8DDEA3-E446-4FC1-A86E-C8E66D600AB9}.Debug|iPhoneSimulator.Build.0 = Debug|Any CPU
		{6B8DDEA3-E446-4FC1-A86E-C8E66D600AB9}.Debug|iPhoneSimulator.Deploy.0 = Debug|Any CPU
		{6B8DDEA3-E446-4FC1-A86E-C8E66D600AB9}.Release|Any CPU.ActiveCfg = Release|Any CPU
		{6B8DDEA3-E446-4FC1-A86E-C8E66D600AB9}.Release|Any CPU.Build.0 = Release|Any CPU
		{6B8DDEA3-E446-4FC1-A86E-C8E66D600AB9}.Release|Any CPU.Deploy.0 = Release|Any CPU
		{6B8DDEA3-E446-4FC1-A86E-C8E66D600AB9}.Release|iPhone.ActiveCfg = Release|Any CPU
		{6B8DDEA3-E446-4FC1-A86E-C8E66D600AB9}.Release|iPhone.Build.0 = Release|Any CPU
		{6B8DDEA3-E446-4FC1-A86E-C8E66D600AB9}.Release|iPhone.Deploy.0 = Release|Any CPU
		{6B8DDEA3-E446-4FC1-A86E-C8E66D600AB9}.Release|iPhoneSimulator.ActiveCfg = Release|Any CPU
		{6B8DDEA3-E446-4FC1-A86E-C8E66D600AB9}.Release|iPhoneSimulator.Build.0 = Release|Any CPU
		{6B8DDEA3-E446-4FC1-A86E-C8E66D600AB9}.Release|iPhoneSimulator.Deploy.0 = Release|Any CPU
		{41C4652E-0975-4DA0-AB49-583D18C0AFC9}.Ad-Hoc|Any CPU.ActiveCfg = Ad-Hoc|iPhone
		{41C4652E-0975-4DA0-AB49-583D18C0AFC9}.Ad-Hoc|iPhone.ActiveCfg = Ad-Hoc|iPhone
		{41C4652E-0975-4DA0-AB49-583D18C0AFC9}.Ad-Hoc|iPhone.Build.0 = Ad-Hoc|iPhone
		{41C4652E-0975-4DA0-AB49-583D18C0AFC9}.Ad-Hoc|iPhoneSimulator.ActiveCfg = Ad-Hoc|iPhoneSimulator
		{41C4652E-0975-4DA0-AB49-583D18C0AFC9}.Ad-Hoc|iPhoneSimulator.Build.0 = Ad-Hoc|iPhoneSimulator
		{41C4652E-0975-4DA0-AB49-583D18C0AFC9}.AppStore|Any CPU.ActiveCfg = AppStore|iPhone
		{41C4652E-0975-4DA0-AB49-583D18C0AFC9}.AppStore|iPhone.ActiveCfg = AppStore|iPhone
		{41C4652E-0975-4DA0-AB49-583D18C0AFC9}.AppStore|iPhone.Build.0 = AppStore|iPhone
		{41C4652E-0975-4DA0-AB49-583D18C0AFC9}.AppStore|iPhoneSimulator.ActiveCfg = AppStore|iPhoneSimulator
		{41C4652E-0975-4DA0-AB49-583D18C0AFC9}.AppStore|iPhoneSimulator.Build.0 = AppStore|iPhoneSimulator
		{41C4652E-0975-4DA0-AB49-583D18C0AFC9}.Debug|Any CPU.ActiveCfg = Debug|iPhone
		{41C4652E-0975-4DA0-AB49-583D18C0AFC9}.Debug|iPhone.ActiveCfg = Debug|iPhone
		{41C4652E-0975-4DA0-AB49-583D18C0AFC9}.Debug|iPhone.Build.0 = Debug|iPhone
		{41C4652E-0975-4DA0-AB49-583D18C0AFC9}.Debug|iPhoneSimulator.ActiveCfg = Debug|iPhoneSimulator
		{41C4652E-0975-4DA0-AB49-583D18C0AFC9}.Debug|iPhoneSimulator.Build.0 = Debug|iPhoneSimulator
		{41C4652E-0975-4DA0-AB49-583D18C0AFC9}.Release|Any CPU.ActiveCfg = Release|iPhone
		{41C4652E-0975-4DA0-AB49-583D18C0AFC9}.Release|iPhone.ActiveCfg = Release|iPhone
		{41C4652E-0975-4DA0-AB49-583D18C0AFC9}.Release|iPhone.Build.0 = Release|iPhone
		{41C4652E-0975-4DA0-AB49-583D18C0AFC9}.Release|iPhoneSimulator.ActiveCfg = Release|iPhoneSimulator
		{41C4652E-0975-4DA0-AB49-583D18C0AFC9}.Release|iPhoneSimulator.Build.0 = Release|iPhoneSimulator
	EndGlobalSection
	GlobalSection(SolutionProperties) = preSolution
		HideSolutionNode = FALSE
	EndGlobalSection
EndGlobal
